
Microsoft Visual Studio Solution File, Format Version 11.00
# Visual C# Express 2010
Project("{FAE04EC0-301F-11D3-BF4B-00C04F79EFBC}") = "MessageQueue", "MessageQueue\MessageQueue.csproj", "{61077E2B-37F1-4ABC-9134-703328F2A3E7}"
EndProject
Project("{FAE04EC0-301F-11D3-BF4B-00C04F79EFBC}") = "ExamplePublisher", "ExamplePublisher\ExamplePublisher.csproj", "{168AD10B-AD4A-4C15-943B-255E8488BC51}"
EndProject
Project("{FAE04EC0-301F-11D3-BF4B-00C04F79EFBC}") = "ExampleExchange", "ExampleExchange\ExampleExchange.csproj", "{DDC3B821-2789-4714-857C-8D73C29768D1}"
EndProject
Project("{FAE04EC0-301F-11D3-BF4B-00C04F79EFBC}") = "CLRTrigger", "ClassLibrary1\CLRTrigger.csproj", "{376264D7-1806-4832-AE24-846404E9E3FD}"
EndProject
Project("{FAE04EC0-301F-11D3-BF4B-00C04F79EFBC}") = "Altitude", "Altitude\Altitude.csproj", "{C43D3D2F-B298-4C04-8815-E1AAE617DA62}"
EndProject
Project("{FAE04EC0-301F-11D3-BF4B-00C04F79EFBC}") = "Portal", "Portal\Portal.csproj", "{10518C77-FE8E-4787-96AE-EF3337909DDF}"
EndProject
Global
	GlobalSection(SolutionConfigurationPlatforms) = preSolution
		Debug|Any CPU = Debug|Any CPU
		Debug|Mixed Platforms = Debug|Mixed Platforms
		Debug|x86 = Debug|x86
		Release|Any CPU = Release|Any CPU
		Release|Mixed Platforms = Release|Mixed Platforms
		Release|x86 = Release|x86
	EndGlobalSection
	GlobalSection(ProjectConfigurationPlatforms) = postSolution
		{61077E2B-37F1-4ABC-9134-703328F2A3E7}.Debug|Any CPU.ActiveCfg = Release|Any CPU
		{61077E2B-37F1-4ABC-9134-703328F2A3E7}.Debug|Any CPU.Build.0 = Release|Any CPU
		{61077E2B-37F1-4ABC-9134-703328F2A3E7}.Debug|Mixed Platforms.ActiveCfg = Release|Any CPU
		{61077E2B-37F1-4ABC-9134-703328F2A3E7}.Debug|Mixed Platforms.Build.0 = Release|Any CPU
		{61077E2B-37F1-4ABC-9134-703328F2A3E7}.Debug|x86.ActiveCfg = Debug|Any CPU
		{61077E2B-37F1-4ABC-9134-703328F2A3E7}.Release|Any CPU.ActiveCfg = Release|Any CPU
		{61077E2B-37F1-4ABC-9134-703328F2A3E7}.Release|Any CPU.Build.0 = Release|Any CPU
		{61077E2B-37F1-4ABC-9134-703328F2A3E7}.Release|Mixed Platforms.ActiveCfg = Release|Any CPU
		{61077E2B-37F1-4ABC-9134-703328F2A3E7}.Release|Mixed Platforms.Build.0 = Release|Any CPU
		{61077E2B-37F1-4ABC-9134-703328F2A3E7}.Release|x86.ActiveCfg = Release|Any CPU
		{168AD10B-AD4A-4C15-943B-255E8488BC51}.Debug|Any CPU.ActiveCfg = Debug|x86
		{168AD10B-AD4A-4C15-943B-255E8488BC51}.Debug|Mixed Platforms.ActiveCfg = Release|x86
		{168AD10B-AD4A-4C15-943B-255E8488BC51}.Debug|Mixed Platforms.Build.0 = Release|x86
		{168AD10B-AD4A-4C15-943B-255E8488BC51}.Debug|x86.ActiveCfg = Debug|x86
		{168AD10B-AD4A-4C15-943B-255E8488BC51}.Debug|x86.Build.0 = Debug|x86
		{168AD10B-AD4A-4C15-943B-255E8488BC51}.Release|Any CPU.ActiveCfg = Release|x86
		{168AD10B-AD4A-4C15-943B-255E8488BC51}.Release|Mixed Platforms.ActiveCfg = Release|x86
		{168AD10B-AD4A-4C15-943B-255E8488BC51}.Release|Mixed Platforms.Build.0 = Release|x86
		{168AD10B-AD4A-4C15-943B-255E8488BC51}.Release|x86.ActiveCfg = Release|x86
		{168AD10B-AD4A-4C15-943B-255E8488BC51}.Release|x86.Build.0 = Release|x86
		{DDC3B821-2789-4714-857C-8D73C29768D1}.Debug|Any CPU.ActiveCfg = Debug|x86
		{DDC3B821-2789-4714-857C-8D73C29768D1}.Debug|Mixed Platforms.ActiveCfg = Release|x86
		{DDC3B821-2789-4714-857C-8D73C29768D1}.Debug|Mixed Platforms.Build.0 = Release|x86
		{DDC3B821-2789-4714-857C-8D73C29768D1}.Debug|x86.ActiveCfg = Debug|x86
		{DDC3B821-2789-4714-857C-8D73C29768D1}.Debug|x86.Build.0 = Debug|x86
		{DDC3B821-2789-4714-857C-8D73C29768D1}.Release|Any CPU.ActiveCfg = Release|x86
		{DDC3B821-2789-4714-857C-8D73C29768D1}.Release|Mixed Platforms.ActiveCfg = Release|x86
		{DDC3B821-2789-4714-857C-8D73C29768D1}.Release|Mixed Platforms.Build.0 = Release|x86
		{DDC3B821-2789-4714-857C-8D73C29768D1}.Release|x86.ActiveCfg = Release|x86
		{DDC3B821-2789-4714-857C-8D73C29768D1}.Release|x86.Build.0 = Release|x86
		{376264D7-1806-4832-AE24-846404E9E3FD}.Debug|Any CPU.ActiveCfg = Debug|Any CPU
		{376264D7-1806-4832-AE24-846404E9E3FD}.Debug|Any CPU.Build.0 = Debug|Any CPU
		{376264D7-1806-4832-AE24-846404E9E3FD}.Debug|Mixed Platforms.ActiveCfg = Release|Any CPU
		{376264D7-1806-4832-AE24-846404E9E3FD}.Debug|Mixed Platforms.Build.0 = Release|Any CPU
		{376264D7-1806-4832-AE24-846404E9E3FD}.Debug|x86.ActiveCfg = Debug|Any CPU
		{376264D7-1806-4832-AE24-846404E9E3FD}.Release|Any CPU.ActiveCfg = Release|Any CPU
		{376264D7-1806-4832-AE24-846404E9E3FD}.Release|Any CPU.Build.0 = Release|Any CPU
		{376264D7-1806-4832-AE24-846404E9E3FD}.Release|Mixed Platforms.ActiveCfg = Release|Any CPU
		{376264D7-1806-4832-AE24-846404E9E3FD}.Release|Mixed Platforms.Build.0 = Release|Any CPU
		{376264D7-1806-4832-AE24-846404E9E3FD}.Release|x86.ActiveCfg = Release|Any CPU
		{C43D3D2F-B298-4C04-8815-E1AAE617DA62}.Debug|Any CPU.ActiveCfg = Debug|x86
		{C43D3D2F-B298-4C04-8815-E1AAE617DA62}.Debug|Mixed Platforms.ActiveCfg = Debug|x86
		{C43D3D2F-B298-4C04-8815-E1AAE617DA62}.Debug|Mixed Platforms.Build.0 = Debug|x86
		{C43D3D2F-B298-4C04-8815-E1AAE617DA62}.Debug|x86.ActiveCfg = Debug|x86
		{C43D3D2F-B298-4C04-8815-E1AAE617DA62}.Debug|x86.Build.0 = Debug|x86
		{C43D3D2F-B298-4C04-8815-E1AAE617DA62}.Release|Any CPU.ActiveCfg = Release|x86
		{C43D3D2F-B298-4C04-8815-E1AAE617DA62}.Release|Mixed Platforms.ActiveCfg = Release|x86
		{C43D3D2F-B298-4C04-8815-E1AAE617DA62}.Release|Mixed Platforms.Build.0 = Release|x86
		{C43D3D2F-B298-4C04-8815-E1AAE617DA62}.Release|x86.ActiveCfg = Release|x86
		{C43D3D2F-B298-4C04-8815-E1AAE617DA62}.Release|x86.Build.0 = Release|x86
		{10518C77-FE8E-4787-96AE-EF3337909DDF}.Debug|Any CPU.ActiveCfg = Debug|x86
		{10518C77-FE8E-4787-96AE-EF3337909DDF}.Debug|Mixed Platforms.ActiveCfg = Debug|x86
		{10518C77-FE8E-4787-96AE-EF3337909DDF}.Debug|Mixed Platforms.Build.0 = Debug|x86
		{10518C77-FE8E-4787-96AE-EF3337909DDF}.Debug|x86.ActiveCfg = Debug|x86
		{10518C77-FE8E-4787-96AE-EF3337909DDF}.Debug|x86.Build.0 = Debug|x86
		{10518C77-FE8E-4787-96AE-EF3337909DDF}.Release|Any CPU.ActiveCfg = Release|x86
		{10518C77-FE8E-4787-96AE-EF3337909DDF}.Release|Mixed Platforms.ActiveCfg = Release|x86
		{10518C77-FE8E-4787-96AE-EF3337909DDF}.Release|Mixed Platforms.Build.0 = Release|x86
		{10518C77-FE8E-4787-96AE-EF3337909DDF}.Release|x86.ActiveCfg = Release|x86
		{10518C77-FE8E-4787-96AE-EF3337909DDF}.Release|x86.Build.0 = Release|x86
	EndGlobalSection
	GlobalSection(SolutionProperties) = preSolution
		HideSolutionNode = FALSE
	EndGlobalSection
EndGlobal
